
Microsoft Visual Studio Solution File, Format Version 12.00
# Visual Studio 15
VisualStudioVersion = 15.0.28010.2016
MinimumVisualStudioVersion = 10.0.40219.1
Project("{FAE04EC0-301F-11D3-BF4B-00C04F79EFBC}") = "VenBowlScoring", "VenBowlScoring\VenBowlScoring.csproj", "{0E7860D6-418E-48DE-B0B4-EAD7F08619A8}"
EndProject
Project("{FAE04EC0-301F-11D3-BF4B-00C04F79EFBC}") = "VenBowlMechanics", "VenBowlMechanics\VenBowlMechanics.csproj", "{A42F6BE7-E156-4A52-B5A3-5B90AFE4697A}"
EndProject
Project("{FAE04EC0-301F-11D3-BF4B-00C04F79EFBC}") = "KGerdeDevOpsKit", "KGerdeDevOpsKit\KGerdeDevOpsKit.csproj", "{0187303D-9613-431E-B4EF-B914F4B2371C}"
EndProject
Global
	GlobalSection(SolutionConfigurationPlatforms) = preSolution
		Debug|Any CPU = Debug|Any CPU
		Release|Any CPU = Release|Any CPU
	EndGlobalSection
	GlobalSection(ProjectConfigurationPlatforms) = postSolution
		{0E7860D6-418E-48DE-B0B4-EAD7F08619A8}.Debug|Any CPU.ActiveCfg = Debug|Any CPU
		{0E7860D6-418E-48DE-B0B4-EAD7F08619A8}.Debug|Any CPU.Build.0 = Debug|Any CPU
		{0E7860D6-418E-48DE-B0B4-EAD7F08619A8}.Release|Any CPU.ActiveCfg = Release|Any CPU
		{0E7860D6-418E-48DE-B0B4-EAD7F08619A8}.Release|Any CPU.Build.0 = Release|Any CPU
		{A42F6BE7-E156-4A52-B5A3-5B90AFE4697A}.Debug|Any CPU.ActiveCfg = Debug|Any CPU
		{A42F6BE7-E156-4A52-B5A3-5B90AFE4697A}.Debug|Any CPU.Build.0 = Debug|Any CPU
		{A42F6BE7-E156-4A52-B5A3-5B90AFE4697A}.Release|Any CPU.ActiveCfg = Release|Any CPU
		{A42F6BE7-E156-4A52-B5A3-5B90AFE4697A}.Release|Any CPU.Build.0 = Release|Any CPU
		{0187303D-9613-431E-B4EF-B914F4B2371C}.Debug|Any CPU.ActiveCfg = Debug|Any CPU
		{0187303D-9613-431E-B4EF-B914F4B2371C}.Debug|Any CPU.Build.0 = Debug|Any CPU
		{0187303D-9613-431E-B4EF-B914F4B2371C}.Release|Any CPU.ActiveCfg = Release|Any CPU
		{0187303D-9613-431E-B4EF-B914F4B2371C}.Release|Any CPU.Build.0 = Release|Any CPU
	EndGlobalSection
	GlobalSection(SolutionProperties) = preSolution
		HideSolutionNode = FALSE
	EndGlobalSection
	GlobalSection(ExtensibilityGlobals) = postSolution
		SolutionGuid = {B0E471FA-AF64-403B-B716-57E6C7803D1B}
	EndGlobalSection
EndGlobal
